
Microsoft Visual Studio Solution File, Format Version 12.00
# Visual Studio 15
VisualStudioVersion = 15.0.28307.421
MinimumVisualStudioVersion = 10.0.40219.1
Project("{FAE04EC0-301F-11D3-BF4B-00C04F79EFBC}") = "Transfyr.Android", "Transfyr\Transfyr.Android\Transfyr.Android.csproj", "{4A1B9525-8A12-4E52-8EE9-EF80D37DA60A}"
EndProject
Project("{FAE04EC0-301F-11D3-BF4B-00C04F79EFBC}") = "Transfyr.iOS", "Transfyr\Transfyr.iOS\Transfyr.iOS.csproj", "{4FC36D53-691D-470B-80D5-1F39BFBA9D2D}"
EndProject
Project("{FAE04EC0-301F-11D3-BF4B-00C04F79EFBC}") = "Transfyr.UWP", "Transfyr\Transfyr.UWP\Transfyr.UWP.csproj", "{3C07812D-DE53-4D42-BA45-B0127B86582F}"
EndProject
Project("{FAE04EC0-301F-11D3-BF4B-00C04F79EFBC}") = "Transfyr", "Transfyr\Transfyr\Transfyr.csproj", "{16F64B45-E781-4612-96F6-4B5752D6EDBE}"
EndProject
Global
	GlobalSection(SolutionConfigurationPlatforms) = preSolution
		Ad-Hoc|Any CPU = Ad-Hoc|Any CPU
		Ad-Hoc|ARM = Ad-Hoc|ARM
		Ad-Hoc|iPhone = Ad-Hoc|iPhone
		Ad-Hoc|iPhoneSimulator = Ad-Hoc|iPhoneSimulator
		Ad-Hoc|x64 = Ad-Hoc|x64
		Ad-Hoc|x86 = Ad-Hoc|x86
		AppStore|Any CPU = AppStore|Any CPU
		AppStore|ARM = AppStore|ARM
		AppStore|iPhone = AppStore|iPhone
		AppStore|iPhoneSimulator = AppStore|iPhoneSimulator
		AppStore|x64 = AppStore|x64
		AppStore|x86 = AppStore|x86
		Debug|Any CPU = Debug|Any CPU
		Debug|ARM = Debug|ARM
		Debug|iPhone = Debug|iPhone
		Debug|iPhoneSimulator = Debug|iPhoneSimulator
		Debug|x64 = Debug|x64
		Debug|x86 = Debug|x86
		Release|Any CPU = Release|Any CPU
		Release|ARM = Release|ARM
		Release|iPhone = Release|iPhone
		Release|iPhoneSimulator = Release|iPhoneSimulator
		Release|x64 = Release|x64
		Release|x86 = Release|x86
	EndGlobalSection
	GlobalSection(ProjectConfigurationPlatforms) = postSolution
		{4A1B9525-8A12-4E52-8EE9-EF80D37DA60A}.Ad-Hoc|Any CPU.ActiveCfg = Release|Any CPU
		{4A1B9525-8A12-4E52-8EE9-EF80D37DA60A}.Ad-Hoc|Any CPU.Build.0 = Release|Any CPU
		{4A1B9525-8A12-4E52-8EE9-EF80D37DA60A}.Ad-Hoc|Any CPU.Deploy.0 = Release|Any CPU
		{4A1B9525-8A12-4E52-8EE9-EF80D37DA60A}.Ad-Hoc|ARM.ActiveCfg = Release|Any CPU
		{4A1B9525-8A12-4E52-8EE9-EF80D37DA60A}.Ad-Hoc|ARM.Build.0 = Release|Any CPU
		{4A1B9525-8A12-4E52-8EE9-EF80D37DA60A}.Ad-Hoc|ARM.Deploy.0 = Release|Any CPU
		{4A1B9525-8A12-4E52-8EE9-EF80D37DA60A}.Ad-Hoc|iPhone.ActiveCfg = Release|Any CPU
		{4A1B9525-8A12-4E52-8EE9-EF80D37DA60A}.Ad-Hoc|iPhone.Build.0 = Release|Any CPU
		{4A1B9525-8A12-4E52-8EE9-EF80D37DA60A}.Ad-Hoc|iPhone.Deploy.0 = Release|Any CPU
		{4A1B9525-8A12-4E52-8EE9-EF80D37DA60A}.Ad-Hoc|iPhoneSimulator.ActiveCfg = Release|Any CPU
		{4A1B9525-8A12-4E52-8EE9-EF80D37DA60A}.Ad-Hoc|iPhoneSimulator.Build.0 = Release|Any CPU
		{4A1B9525-8A12-4E52-8EE9-EF80D37DA60A}.Ad-Hoc|iPhoneSimulator.Deploy.0 = Release|Any CPU
		{4A1B9525-8A12-4E52-8EE9-EF80D37DA60A}.Ad-Hoc|x64.ActiveCfg = Release|Any CPU
		{4A1B9525-8A12-4E52-8EE9-EF80D37DA60A}.Ad-Hoc|x64.Build.0 = Release|Any CPU
		{4A1B9525-8A12-4E52-8EE9-EF80D37DA60A}.Ad-Hoc|x64.Deploy.0 = Release|Any CPU
		{4A1B9525-8A12-4E52-8EE9-EF80D37DA60A}.Ad-Hoc|x86.ActiveCfg = Release|Any CPU
		{4A1B9525-8A12-4E52-8EE9-EF80D37DA60A}.Ad-Hoc|x86.Build.0 = Release|Any CPU
		{4A1B9525-8A12-4E52-8EE9-EF80D37DA60A}.Ad-Hoc|x86.Deploy.0 = Release|Any CPU
		{4A1B9525-8A12-4E52-8EE9-EF80D37DA60A}.AppStore|Any CPU.ActiveCfg = Release|Any CPU
		{4A1B9525-8A12-4E52-8EE9-EF80D37DA60A}.AppStore|Any CPU.Build.0 = Release|Any CPU
		{4A1B9525-8A12-4E52-8EE9-EF80D37DA60A}.AppStore|Any CPU.Deploy.0 = Release|Any CPU
		{4A1B9525-8A12-4E52-8EE9-EF80D37DA60A}.AppStore|ARM.ActiveCfg = Release|Any CPU
		{4A1B9525-8A12-4E52-8EE9-EF80D37DA60A}.AppStore|ARM.Build.0 = Release|Any CPU
		{4A1B9525-8A12-4E52-8EE9-EF80D37DA60A}.AppStore|ARM.Deploy.0 = Release|Any CPU
		{4A1B9525-8A12-4E52-8EE9-EF80D37DA60A}.AppStore|iPhone.ActiveCfg = Release|Any CPU
		{4A1B9525-8A12-4E52-8EE9-EF80D37DA60A}.AppStore|iPhone.Build.0 = Release|Any CPU
		{4A1B9525-8A12-4E52-8EE9-EF80D37DA60A}.AppStore|iPhone.Deploy.0 = Release|Any CPU
		{4A1B9525-8A12-4E52-8EE9-EF80D37DA60A}.AppStore|iPhoneSimulator.ActiveCfg = Release|Any CPU
		{4A1B9525-8A12-4E52-8EE9-EF80D37DA60A}.AppStore|iPhoneSimulator.Build.0 = Release|Any CPU
		{4A1B9525-8A12-4E52-8EE9-EF80D37DA60A}.AppStore|iPhoneSimulator.Deploy.0 = Release|Any CPU
		{4A1B9525-8A12-4E52-8EE9-EF80D37DA60A}.AppStore|x64.ActiveCfg = Release|Any CPU
		{4A1B9525-8A12-4E52-8EE9-EF80D37DA60A}.AppStore|x64.Build.0 = Release|Any CPU
		{4A1B9525-8A12-4E52-8EE9-EF80D37DA60A}.AppStore|x64.Deploy.0 = Release|Any CPU
		{4A1B9525-8A12-4E52-8EE9-EF80D37DA60A}.AppStore|x86.ActiveCfg = Release|Any CPU
		{4A1B9525-8A12-4E52-8EE9-EF80D37DA60A}.AppStore|x86.Build.0 = Release|Any CPU
		{4A1B9525-8A12-4E52-8EE9-EF80D37DA60A}.AppStore|x86.Deploy.0 = Release|Any CPU
		{4A1B9525-8A12-4E52-8EE9-EF80D37DA60A}.Debug|Any CPU.ActiveCfg = Debug|Any CPU
		{4A1B9525-8A12-4E52-8EE9-EF80D37DA60A}.Debug|Any CPU.Build.0 = Debug|Any CPU
		{4A1B9525-8A12-4E52-8EE9-EF80D37DA60A}.Debug|Any CPU.Deploy.0 = Debug|Any CPU
		{4A1B9525-8A12-4E52-8EE9-EF80D37DA60A}.Debug|ARM.ActiveCfg = Debug|Any CPU
		{4A1B9525-8A12-4E52-8EE9-EF80D37DA60A}.Debug|ARM.Build.0 = Debug|Any CPU
		{4A1B9525-8A12-4E52-8EE9-EF80D37DA60A}.Debug|ARM.Deploy.0 = Debug|Any CPU
		{4A1B9525-8A12-4E52-8EE9-EF80D37DA60A}.Debug|iPhone.ActiveCfg = Debug|Any CPU
		{4A1B9525-8A12-4E52-8EE9-EF80D37DA60A}.Debug|iPhone.Build.0 = Debug|Any CPU
		{4A1B9525-8A12-4E52-8EE9-EF80D37DA60A}.Debug|iPhone.Deploy.0 = Debug|Any CPU
		{4A1B9525-8A12-4E52-8EE9-EF80D37DA60A}.Debug|iPhoneSimulator.ActiveCfg = Debug|Any CPU
		{4A1B9525-8A12-4E52-8EE9-EF80D37DA60A}.Debug|iPhoneSimulator.Build.0 = Debug|Any CPU
		{4A1B9525-8A12-4E52-8EE9-EF80D37DA60A}.Debug|iPhoneSimulator.Deploy.0 = Debug|Any CPU
		{4A1B9525-8A12-4E52-8EE9-EF80D37DA60A}.Debug|x64.ActiveCfg = Debug|Any CPU
		{4A1B9525-8A12-4E52-8EE9-EF80D37DA60A}.Debug|x64.Build.0 = Debug|Any CPU
		{4A1B9525-8A12-4E52-8EE9-EF80D37DA60A}.Debug|x64.Deploy.0 = Debug|Any CPU
		{4A1B9525-8A12-4E52-8EE9-EF80D37DA60A}.Debug|x86.ActiveCfg = Debug|Any CPU
		{4A1B9525-8A12-4E52-8EE9-EF80D37DA60A}.Debug|x86.Build.0 = Debug|Any CPU
		{4A1B9525-8A12-4E52-8EE9-EF80D37DA60A}.Debug|x86.Deploy.0 = Debug|Any CPU
		{4A1B9525-8A12-4E52-8EE9-EF80D37DA60A}.Release|Any CPU.ActiveCfg = Release|Any CPU
		{4A1B9525-8A12-4E52-8EE9-EF80D37DA60A}.Release|Any CPU.Build.0 = Release|Any CPU
		{4A1B9525-8A12-4E52-8EE9-EF80D37DA60A}.Release|Any CPU.Deploy.0 = Release|Any CPU
		{4A1B9525-8A12-4E52-8EE9-EF80D37DA60A}.Release|ARM.ActiveCfg = Release|Any CPU
		{4A1B9525-8A12-4E52-8EE9-EF80D37DA60A}.Release|ARM.Build.0 = Release|Any CPU
		{4A1B9525-8A12-4E52-8EE9-EF80D37DA60A}.Release|ARM.Deploy.0 = Release|Any CPU
		{4A1B9525-8A12-4E52-8EE9-EF80D37DA60A}.Release|iPhone.ActiveCfg = Release|Any CPU
		{4A1B9525-8A12-4E52-8EE9-EF80D37DA60A}.Release|iPhone.Build.0 = Release|Any CPU
		{4A1B9525-8A12-4E52-8EE9-EF80D37DA60A}.Release|iPhone.Deploy.0 = Release|Any CPU
		{4A1B9525-8A12-4E52-8EE9-EF80D37DA60A}.Release|iPhoneSimulator.ActiveCfg = Release|Any CPU
		{4A1B9525-8A12-4E52-8EE9-EF80D37DA60A}.Release|iPhoneSimulator.Build.0 = Release|Any CPU
		{4A1B9525-8A12-4E52-8EE9-EF80D37DA60A}.Release|iPhoneSimulator.Deploy.0 = Release|Any CPU
		{4A1B9525-8A12-4E52-8EE9-EF80D37DA60A}.Release|x64.ActiveCfg = Release|Any CPU
		{4A1B9525-8A12-4E52-8EE9-EF80D37DA60A}.Release|x64.Build.0 = Release|Any CPU
		{4A1B9525-8A12-4E52-8EE9-EF80D37DA60A}.Release|x64.Deploy.0 = Release|Any CPU
		{4A1B9525-8A12-4E52-8EE9-EF80D37DA60A}.Release|x86.ActiveCfg = Release|Any CPU
		{4A1B9525-8A12-4E52-8EE9-EF80D37DA60A}.Release|x86.Build.0 = Release|Any CPU
		{4A1B9525-8A12-4E52-8EE9-EF80D37DA60A}.Release|x86.Deploy.0 = Release|Any CPU
		{4FC36D53-691D-470B-80D5-1F39BFBA9D2D}.Ad-Hoc|Any CPU.ActiveCfg = Ad-Hoc|iPhone
		{4FC36D53-691D-470B-80D5-1F39BFBA9D2D}.Ad-Hoc|Any CPU.Build.0 = Ad-Hoc|iPhone
		{4FC36D53-691D-470B-80D5-1F39BFBA9D2D}.Ad-Hoc|Any CPU.Deploy.0 = Ad-Hoc|iPhone
		{4FC36D53-691D-470B-80D5-1F39BFBA9D2D}.Ad-Hoc|ARM.ActiveCfg = Ad-Hoc|iPhone
		{4FC36D53-691D-470B-80D5-1F39BFBA9D2D}.Ad-Hoc|ARM.Build.0 = Ad-Hoc|iPhone
		{4FC36D53-691D-470B-80D5-1F39BFBA9D2D}.Ad-Hoc|ARM.Deploy.0 = Ad-Hoc|iPhone
		{4FC36D53-691D-470B-80D5-1F39BFBA9D2D}.Ad-Hoc|iPhone.ActiveCfg = Ad-Hoc|iPhone
		{4FC36D53-691D-470B-80D5-1F39BFBA9D2D}.Ad-Hoc|iPhone.Build.0 = Ad-Hoc|iPhone
		{4FC36D53-691D-470B-80D5-1F39BFBA9D2D}.Ad-Hoc|iPhone.Deploy.0 = Ad-Hoc|iPhone
		{4FC36D53-691D-470B-80D5-1F39BFBA9D2D}.Ad-Hoc|iPhoneSimulator.ActiveCfg = Ad-Hoc|iPhoneSimulator
		{4FC36D53-691D-470B-80D5-1F39BFBA9D2D}.Ad-Hoc|iPhoneSimulator.Build.0 = Ad-Hoc|iPhoneSimulator
		{4FC36D53-691D-470B-80D5-1F39BFBA9D2D}.Ad-Hoc|iPhoneSimulator.Deploy.0 = Ad-Hoc|iPhoneSimulator
		{4FC36D53-691D-470B-80D5-1F39BFBA9D2D}.Ad-Hoc|x64.ActiveCfg = Ad-Hoc|iPhone
		{4FC36D53-691D-470B-80D5-1F39BFBA9D2D}.Ad-Hoc|x64.Build.0 = Ad-Hoc|iPhone
		{4FC36D53-691D-470B-80D5-1F39BFBA9D2D}.Ad-Hoc|x64.Deploy.0 = Ad-Hoc|iPhone
		{4FC36D53-691D-470B-80D5-1F39BFBA9D2D}.Ad-Hoc|x86.ActiveCfg = Ad-Hoc|iPhone
		{4FC36D53-691D-470B-80D5-1F39BFBA9D2D}.Ad-Hoc|x86.Build.0 = Ad-Hoc|iPhone
		{4FC36D53-691D-470B-80D5-1F39BFBA9D2D}.Ad-Hoc|x86.Deploy.0 = Ad-Hoc|iPhone
		{4FC36D53-691D-470B-80D5-1F39BFBA9D2D}.AppStore|Any CPU.ActiveCfg = AppStore|iPhone
		{4FC36D53-691D-470B-80D5-1F39BFBA9D2D}.AppStore|Any CPU.Build.0 = AppStore|iPhone
		{4FC36D53-691D-470B-80D5-1F39BFBA9D2D}.AppStore|Any CPU.Deploy.0 = AppStore|iPhone
		{4FC36D53-691D-470B-80D5-1F39BFBA9D2D}.AppStore|ARM.ActiveCfg = AppStore|iPhone
		{4FC36D53-691D-470B-80D5-1F39BFBA9D2D}.AppStore|ARM.Build.0 = AppStore|iPhone
		{4FC36D53-691D-470B-80D5-1F39BFBA9D2D}.AppStore|ARM.Deploy.0 = AppStore|iPhone
		{4FC36D53-691D-470B-80D5-1F39BFBA9D2D}.AppStore|iPhone.ActiveCfg = AppStore|iPhone
		{4FC36D53-691D-470B-80D5-1F39BFBA9D2D}.AppStore|iPhone.Build.0 = AppStore|iPhone
		{4FC36D53-691D-470B-80D5-1F39BFBA9D2D}.AppStore|iPhone.Deploy.0 = AppStore|iPhone
		{4FC36D53-691D-470B-80D5-1F39BFBA9D2D}.AppStore|iPhoneSimulator.ActiveCfg = AppStore|iPhoneSimulator
		{4FC36D53-691D-470B-80D5-1F39BFBA9D2D}.AppStore|iPhoneSimulator.Build.0 = AppStore|iPhoneSimulator
		{4FC36D53-691D-470B-80D5-1F39BFBA9D2D}.AppStore|iPhoneSimulator.Deploy.0 = AppStore|iPhoneSimulator
		{4FC36D53-691D-470B-80D5-1F39BFBA9D2D}.AppStore|x64.ActiveCfg = AppStore|iPhone
		{4FC36D53-691D-470B-80D5-1F39BFBA9D2D}.AppStore|x64.Build.0 = AppStore|iPhone
		{4FC36D53-691D-470B-80D5-1F39BFBA9D2D}.AppStore|x64.Deploy.0 = AppStore|iPhone
		{4FC36D53-691D-470B-80D5-1F39BFBA9D2D}.AppStore|x86.ActiveCfg = AppStore|iPhone
		{4FC36D53-691D-470B-80D5-1F39BFBA9D2D}.AppStore|x86.Build.0 = AppStore|iPhone
		{4FC36D53-691D-470B-80D5-1F39BFBA9D2D}.AppStore|x86.Deploy.0 = AppStore|iPhone
		{4FC36D53-691D-470B-80D5-1F39BFBA9D2D}.Debug|Any CPU.ActiveCfg = Debug|iPhoneSimulator
		{4FC36D53-691D-470B-80D5-1F39BFBA9D2D}.Debug|Any CPU.Build.0 = Debug|iPhoneSimulator
		{4FC36D53-691D-470B-80D5-1F39BFBA9D2D}.Debug|Any CPU.Deploy.0 = Debug|iPhoneSimulator
		{4FC36D53-691D-470B-80D5-1F39BFBA9D2D}.Debug|ARM.ActiveCfg = Debug|iPhone
		{4FC36D53-691D-470B-80D5-1F39BFBA9D2D}.Debug|ARM.Build.0 = Debug|iPhone
		{4FC36D53-691D-470B-80D5-1F39BFBA9D2D}.Debug|ARM.Deploy.0 = Debug|iPhone
		{4FC36D53-691D-470B-80D5-1F39BFBA9D2D}.Debug|iPhone.ActiveCfg = Debug|iPhone
		{4FC36D53-691D-470B-80D5-1F39BFBA9D2D}.Debug|iPhone.Build.0 = Debug|iPhone
		{4FC36D53-691D-470B-80D5-1F39BFBA9D2D}.Debug|iPhone.Deploy.0 = Debug|iPhone
		{4FC36D53-691D-470B-80D5-1F39BFBA9D2D}.Debug|iPhoneSimulator.ActiveCfg = Debug|iPhoneSimulator
		{4FC36D53-691D-470B-80D5-1F39BFBA9D2D}.Debug|iPhoneSimulator.Build.0 = Debug|iPhoneSimulator
		{4FC36D53-691D-470B-80D5-1F39BFBA9D2D}.Debug|iPhoneSimulator.Deploy.0 = Debug|iPhoneSimulator
		{4FC36D53-691D-470B-80D5-1F39BFBA9D2D}.Debug|x64.ActiveCfg = Debug|iPhone
		{4FC36D53-691D-470B-80D5-1F39BFBA9D2D}.Debug|x64.Build.0 = Debug|iPhone
		{4FC36D53-691D-470B-80D5-1F39BFBA9D2D}.Debug|x64.Deploy.0 = Debug|iPhone
		{4FC36D53-691D-470B-80D5-1F39BFBA9D2D}.Debug|x86.ActiveCfg = Debug|iPhone
		{4FC36D53-691D-470B-80D5-1F39BFBA9D2D}.Debug|x86.Build.0 = Debug|iPhone
		{4FC36D53-691D-470B-80D5-1F39BFBA9D2D}.Debug|x86.Deploy.0 = Debug|iPhone
		{4FC36D53-691D-470B-80D5-1F39BFBA9D2D}.Release|Any CPU.ActiveCfg = Release|iPhone
		{4FC36D53-691D-470B-80D5-1F39BFBA9D2D}.Release|Any CPU.Build.0 = Release|iPhone
		{4FC36D53-691D-470B-80D5-1F39BFBA9D2D}.Release|Any CPU.Deploy.0 = Release|iPhone
		{4FC36D53-691D-470B-80D5-1F39BFBA9D2D}.Release|ARM.ActiveCfg = Release|iPhone
		{4FC36D53-691D-470B-80D5-1F39BFBA9D2D}.Release|ARM.Build.0 = Release|iPhone
		{4FC36D53-691D-470B-80D5-1F39BFBA9D2D}.Release|ARM.Deploy.0 = Release|iPhone
		{4FC36D53-691D-470B-80D5-1F39BFBA9D2D}.Release|iPhone.ActiveCfg = Release|iPhone
		{4FC36D53-691D-470B-80D5-1F39BFBA9D2D}.Release|iPhone.Build.0 = Release|iPhone
		{4FC36D53-691D-470B-80D5-1F39BFBA9D2D}.Release|iPhone.Deploy.0 = Release|iPhone
		{4FC36D53-691D-470B-80D5-1F39BFBA9D2D}.Release|iPhoneSimulator.ActiveCfg = Release|iPhoneSimulator
		{4FC36D53-691D-470B-80D5-1F39BFBA9D2D}.Release|iPhoneSimulator.Build.0 = Release|iPhoneSimulator
		{4FC36D53-691D-470B-80D5-1F39BFBA9D2D}.Release|iPhoneSimulator.Deploy.0 = Release|iPhoneSimulator
		{4FC36D53-691D-470B-80D5-1F39BFBA9D2D}.Release|x64.ActiveCfg = Release|iPhone
		{4FC36D53-691D-470B-80D5-1F39BFBA9D2D}.Release|x64.Build.0 = Release|iPhone
		{4FC36D53-691D-470B-80D5-1F39BFBA9D2D}.Release|x64.Deploy.0 = Release|iPhone
		{4FC36D53-691D-470B-80D5-1F39BFBA9D2D}.Release|x86.ActiveCfg = Release|iPhone
		{4FC36D53-691D-470B-80D5-1F39BFBA9D2D}.Release|x86.Build.0 = Release|iPhone
		{4FC36D53-691D-470B-80D5-1F39BFBA9D2D}.Release|x86.Deploy.0 = Release|iPhone
		{3C07812D-DE53-4D42-BA45-B0127B86582F}.Ad-Hoc|Any CPU.ActiveCfg = Release|x86
		{3C07812D-DE53-4D42-BA45-B0127B86582F}.Ad-Hoc|Any CPU.Build.0 = Release|x86
		{3C07812D-DE53-4D42-BA45-B0127B86582F}.Ad-Hoc|Any CPU.Deploy.0 = Release|x86
		{3C07812D-DE53-4D42-BA45-B0127B86582F}.Ad-Hoc|ARM.ActiveCfg = Release|ARM
		{3C07812D-DE53-4D42-BA45-B0127B86582F}.Ad-Hoc|ARM.Build.0 = Release|ARM
		{3C07812D-DE53-4D42-BA45-B0127B86582F}.Ad-Hoc|ARM.Deploy.0 = Release|ARM
		{3C07812D-DE53-4D42-BA45-B0127B86582F}.Ad-Hoc|iPhone.ActiveCfg = Release|x86
		{3C07812D-DE53-4D42-BA45-B0127B86582F}.Ad-Hoc|iPhone.Build.0 = Release|x86
		{3C07812D-DE53-4D42-BA45-B0127B86582F}.Ad-Hoc|iPhone.Deploy.0 = Release|x86
		{3C07812D-DE53-4D42-BA45-B0127B86582F}.Ad-Hoc|iPhoneSimulator.ActiveCfg = Release|x86
		{3C07812D-DE53-4D42-BA45-B0127B86582F}.Ad-Hoc|iPhoneSimulator.Build.0 = Release|x86
		{3C07812D-DE53-4D42-BA45-B0127B86582F}.Ad-Hoc|iPhoneSimulator.Deploy.0 = Release|x86
		{3C07812D-DE53-4D42-BA45-B0127B86582F}.Ad-Hoc|x64.ActiveCfg = Release|x64
		{3C07812D-DE53-4D42-BA45-B0127B86582F}.Ad-Hoc|x64.Build.0 = Release|x64
		{3C07812D-DE53-4D42-BA45-B0127B86582F}.Ad-Hoc|x64.Deploy.0 = Release|x64
		{3C07812D-DE53-4D42-BA45-B0127B86582F}.Ad-Hoc|x86.ActiveCfg = Release|x86
		{3C07812D-DE53-4D42-BA45-B0127B86582F}.Ad-Hoc|x86.Build.0 = Release|x86
		{3C07812D-DE53-4D42-BA45-B0127B86582F}.Ad-Hoc|x86.Deploy.0 = Release|x86
		{3C07812D-DE53-4D42-BA45-B0127B86582F}.AppStore|Any CPU.ActiveCfg = Release|x86
		{3C07812D-DE53-4D42-BA45-B0127B86582F}.AppStore|Any CPU.Build.0 = Release|x86
		{3C07812D-DE53-4D42-BA45-B0127B86582F}.AppStore|Any CPU.Deploy.0 = Release|x86
		{3C07812D-DE53-4D42-BA45-B0127B86582F}.AppStore|ARM.ActiveCfg = Release|ARM
		{3C07812D-DE53-4D42-BA45-B0127B86582F}.AppStore|ARM.Build.0 = Release|ARM
		{3C07812D-DE53-4D42-BA45-B0127B86582F}.AppStore|ARM.Deploy.0 = Release|ARM
		{3C07812D-DE53-4D42-BA45-B0127B86582F}.AppStore|iPhone.ActiveCfg = Release|x86
		{3C07812D-DE53-4D42-BA45-B0127B86582F}.AppStore|iPhone.Build.0 = Release|x86
		{3C07812D-DE53-4D42-BA45-B0127B86582F}.AppStore|iPhone.Deploy.0 = Release|x86
		{3C07812D-DE53-4D42-BA45-B0127B86582F}.AppStore|iPhoneSimulator.ActiveCfg = Release|x86
		{3C07812D-DE53-4D42-BA45-B0127B86582F}.AppStore|iPhoneSimulator.Build.0 = Release|x86
		{3C07812D-DE53-4D42-BA45-B0127B86582F}.AppStore|iPhoneSimulator.Deploy.0 = Release|x86
		{3C07812D-DE53-4D42-BA45-B0127B86582F}.AppStore|x64.ActiveCfg = Release|x64
		{3C07812D-DE53-4D42-BA45-B0127B86582F}.AppStore|x64.Build.0 = Release|x64
		{3C07812D-DE53-4D42-BA45-B0127B86582F}.AppStore|x64.Deploy.0 = Release|x64
		{3C07812D-DE53-4D42-BA45-B0127B86582F}.AppStore|x86.ActiveCfg = Release|x86
		{3C07812D-DE53-4D42-BA45-B0127B86582F}.AppStore|x86.Build.0 = Release|x86
		{3C07812D-DE53-4D42-BA45-B0127B86582F}.AppStore|x86.Deploy.0 = Release|x86
		{3C07812D-DE53-4D42-BA45-B0127B86582F}.Debug|Any CPU.ActiveCfg = Debug|x86
		{3C07812D-DE53-4D42-BA45-B0127B86582F}.Debug|Any CPU.Build.0 = Debug|x86
		{3C07812D-DE53-4D42-BA45-B0127B86582F}.Debug|Any CPU.Deploy.0 = Debug|x86
		{3C07812D-DE53-4D42-BA45-B0127B86582F}.Debug|ARM.ActiveCfg = Debug|ARM
		{3C07812D-DE53-4D42-BA45-B0127B86582F}.Debug|ARM.Build.0 = Debug|ARM
		{3C07812D-DE53-4D42-BA45-B0127B86582F}.Debug|ARM.Deploy.0 = Debug|ARM
		{3C07812D-DE53-4D42-BA45-B0127B86582F}.Debug|iPhone.ActiveCfg = Debug|x86
		{3C07812D-DE53-4D42-BA45-B0127B86582F}.Debug|iPhone.Build.0 = Debug|x86
		{3C07812D-DE53-4D42-BA45-B0127B86582F}.Debug|iPhone.Deploy.0 = Debug|x86
		{3C07812D-DE53-4D42-BA45-B0127B86582F}.Debug|iPhoneSimulator.ActiveCfg = Debug|x86
		{3C07812D-DE53-4D42-BA45-B0127B86582F}.Debug|iPhoneSimulator.Build.0 = Debug|x86
		{3C07812D-DE53-4D42-BA45-B0127B86582F}.Debug|iPhoneSimulator.Deploy.0 = Debug|x86
		{3C07812D-DE53-4D42-BA45-B0127B86582F}.Debug|x64.ActiveCfg = Debug|x64
		{3C07812D-DE53-4D42-BA45-B0127B86582F}.Debug|x64.Build.0 = Debug|x64
		{3C07812D-DE53-4D42-BA45-B0127B86582F}.Debug|x64.Deploy.0 = Debug|x64
		{3C07812D-DE53-4D42-BA45-B0127B86582F}.Debug|x86.ActiveCfg = Debug|x86
		{3C07812D-DE53-4D42-BA45-B0127B86582F}.Debug|x86.Build.0 = Debug|x86
		{3C07812D-DE53-4D42-BA45-B0127B86582F}.Debug|x86.Deploy.0 = Debug|x86
		{3C07812D-DE53-4D42-BA45-B0127B86582F}.Release|Any CPU.ActiveCfg = Release|x86
		{3C07812D-DE53-4D42-BA45-B0127B86582F}.Release|Any CPU.Build.0 = Release|x86
		{3C07812D-DE53-4D42-BA45-B0127B86582F}.Release|Any CPU.Deploy.0 = Release|x86
		{3C07812D-DE53-4D42-BA45-B0127B86582F}.Release|ARM.ActiveCfg = Release|ARM
		{3C07812D-DE53-4D42-BA45-B0127B86582F}.Release|ARM.Build.0 = Release|ARM
		{3C07812D-DE53-4D42-BA45-B0127B86582F}.Release|ARM.Deploy.0 = Release|ARM
		{3C07812D-DE53-4D42-BA45-B0127B86582F}.Release|iPhone.ActiveCfg = Release|x86
		{3C07812D-DE53-4D42-BA45-B0127B86582F}.Release|iPhone.Build.0 = Release|x86
		{3C07812D-DE53-4D42-BA45-B0127B86582F}.Release|iPhone.Deploy.0 = Release|x86
		{3C07812D-DE53-4D42-BA45-B0127B86582F}.Release|iPhoneSimulator.ActiveCfg = Release|x86
		{3C07812D-DE53-4D42-BA45-B0127B86582F}.Release|iPhoneSimulator.Build.0 = Release|x86
		{3C07812D-DE53-4D42-BA45-B0127B86582F}.Release|iPhoneSimulator.Deploy.0 = Release|x86
		{3C07812D-DE53-4D42-BA45-B0127B86582F}.Release|x64.ActiveCfg = Release|x64
		{3C07812D-DE53-4D42-BA45-B0127B86582F}.Release|x64.Build.0 = Release|x64
		{3C07812D-DE53-4D42-BA45-B0127B86582F}.Release|x64.Deploy.0 = Release|x64
		{3C07812D-DE53-4D42-BA45-B0127B86582F}.Release|x86.ActiveCfg = Release|x86
		{3C07812D-DE53-4D42-BA45-B0127B86582F}.Release|x86.Build.0 = Release|x86
		{3C07812D-DE53-4D42-BA45-B0127B86582F}.Release|x86.Deploy.0 = Release|x86
		{16F64B45-E781-4612-96F6-4B5752D6EDBE}.Ad-Hoc|Any CPU.ActiveCfg = Debug|Any CPU
		{16F64B45-E781-4612-96F6-4B5752D6EDBE}.Ad-Hoc|Any CPU.Build.0 = Debug|Any CPU
		{16F64B45-E781-4612-96F6-4B5752D6EDBE}.Ad-Hoc|Any CPU.Deploy.0 = Debug|Any CPU
		{16F64B45-E781-4612-96F6-4B5752D6EDBE}.Ad-Hoc|ARM.ActiveCfg = Debug|Any CPU
		{16F64B45-E781-4612-96F6-4B5752D6EDBE}.Ad-Hoc|ARM.Build.0 = Debug|Any CPU
		{16F64B45-E781-4612-96F6-4B5752D6EDBE}.Ad-Hoc|ARM.Deploy.0 = Debug|Any CPU
		{16F64B45-E781-4612-96F6-4B5752D6EDBE}.Ad-Hoc|iPhone.ActiveCfg = Debug|Any CPU
		{16F64B45-E781-4612-96F6-4B5752D6EDBE}.Ad-Hoc|iPhone.Build.0 = Debug|Any CPU
		{16F64B45-E781-4612-96F6-4B5752D6EDBE}.Ad-Hoc|iPhone.Deploy.0 = Debug|Any CPU
		{16F64B45-E781-4612-96F6-4B5752D6EDBE}.Ad-Hoc|iPhoneSimulator.ActiveCfg = Debug|Any CPU
		{16F64B45-E781-4612-96F6-4B5752D6EDBE}.Ad-Hoc|iPhoneSimulator.Build.0 = Debug|Any CPU
		{16F64B45-E781-4612-96F6-4B5752D6EDBE}.Ad-Hoc|iPhoneSimulator.Deploy.0 = Debug|Any CPU
		{16F64B45-E781-4612-96F6-4B5752D6EDBE}.Ad-Hoc|x64.ActiveCfg = Debug|Any CPU
		{16F64B45-E781-4612-96F6-4B5752D6EDBE}.Ad-Hoc|x64.Build.0 = Debug|Any CPU
		{16F64B45-E781-4612-96F6-4B5752D6EDBE}.Ad-Hoc|x64.Deploy.0 = Debug|Any CPU
		{16F64B45-E781-4612-96F6-4B5752D6EDBE}.Ad-Hoc|x86.ActiveCfg = Debug|Any CPU
		{16F64B45-E781-4612-96F6-4B5752D6EDBE}.Ad-Hoc|x86.Build.0 = Debug|Any CPU
		{16F64B45-E781-4612-96F6-4B5752D6EDBE}.Ad-Hoc|x86.Deploy.0 = Debug|Any CPU
		{16F64B45-E781-4612-96F6-4B5752D6EDBE}.AppStore|Any CPU.ActiveCfg = Debug|Any CPU
		{16F64B45-E781-4612-96F6-4B5752D6EDBE}.AppStore|Any CPU.Build.0 = Debug|Any CPU
		{16F64B45-E781-4612-96F6-4B5752D6EDBE}.AppStore|Any CPU.Deploy.0 = Debug|Any CPU
		{16F64B45-E781-4612-96F6-4B5752D6EDBE}.AppStore|ARM.ActiveCfg = Debug|Any CPU
		{16F64B45-E781-4612-96F6-4B5752D6EDBE}.AppStore|ARM.Build.0 = Debug|Any CPU
		{16F64B45-E781-4612-96F6-4B5752D6EDBE}.AppStore|ARM.Deploy.0 = Debug|Any CPU
		{16F64B45-E781-4612-96F6-4B5752D6EDBE}.AppStore|iPhone.ActiveCfg = Debug|Any CPU
		{16F64B45-E781-4612-96F6-4B5752D6EDBE}.AppStore|iPhone.Build.0 = Debug|Any CPU
		{16F64B45-E781-4612-96F6-4B5752D6EDBE}.AppStore|iPhone.Deploy.0 = Debug|Any CPU
		{16F64B45-E781-4612-96F6-4B5752D6EDBE}.AppStore|iPhoneSimulator.ActiveCfg = Debug|Any CPU
		{16F64B45-E781-4612-96F6-4B5752D6EDBE}.AppStore|iPhoneSimulator.Build.0 = Debug|Any CPU
		{16F64B45-E781-4612-96F6-4B5752D6EDBE}.AppStore|iPhoneSimulator.Deploy.0 = Debug|Any CPU
		{16F64B45-E781-4612-96F6-4B5752D6EDBE}.AppStore|x64.ActiveCfg = Debug|Any CPU
		{16F64B45-E781-4612-96F6-4B5752D6EDBE}.AppStore|x64.Build.0 = Debug|Any CPU
		{16F64B45-E781-4612-96F6-4B5752D6EDBE}.AppStore|x64.Deploy.0 = Debug|Any CPU
		{16F64B45-E781-4612-96F6-4B5752D6EDBE}.AppStore|x86.ActiveCfg = Debug|Any CPU
		{16F64B45-E781-4612-96F6-4B5752D6EDBE}.AppStore|x86.Build.0 = Debug|Any CPU
		{16F64B45-E781-4612-96F6-4B5752D6EDBE}.AppStore|x86.Deploy.0 = Debug|Any CPU
		{16F64B45-E781-4612-96F6-4B5752D6EDBE}.Debug|Any CPU.ActiveCfg = Debug|Any CPU
		{16F64B45-E781-4612-96F6-4B5752D6EDBE}.Debug|Any CPU.Build.0 = Debug|Any CPU
		{16F64B45-E781-4612-96F6-4B5752D6EDBE}.Debug|Any CPU.Deploy.0 = Debug|Any CPU
		{16F64B45-E781-4612-96F6-4B5752D6EDBE}.Debug|ARM.ActiveCfg = Debug|Any CPU
		{16F64B45-E781-4612-96F6-4B5752D6EDBE}.Debug|ARM.Build.0 = Debug|Any CPU
		{16F64B45-E781-4612-96F6-4B5752D6EDBE}.Debug|ARM.Deploy.0 = Debug|Any CPU
		{16F64B45-E781-4612-96F6-4B5752D6EDBE}.Debug|iPhone.ActiveCfg = Debug|Any CPU
		{16F64B45-E781-4612-96F6-4B5752D6EDBE}.Debug|iPhone.Build.0 = Debug|Any CPU
		{16F64B45-E781-4612-96F6-4B5752D6EDBE}.Debug|iPhone.Deploy.0 = Debug|Any CPU
		{16F64B45-E781-4612-96F6-4B5752D6EDBE}.Debug|iPhoneSimulator.ActiveCfg = Debug|Any CPU
		{16F64B45-E781-4612-96F6-4B5752D6EDBE}.Debug|iPhoneSimulator.Build.0 = Debug|Any CPU
		{16F64B45-E781-4612-96F6-4B5752D6EDBE}.Debug|iPhoneSimulator.Deploy.0 = Debug|Any CPU
		{16F64B45-E781-4612-96F6-4B5752D6EDBE}.Debug|x64.ActiveCfg = Debug|Any CPU
		{16F64B45-E781-4612-96F6-4B5752D6EDBE}.Debug|x64.Build.0 = Debug|Any CPU
		{16F64B45-E781-4612-96F6-4B5752D6EDBE}.Debug|x64.Deploy.0 = Debug|Any CPU
		{16F64B45-E781-4612-96F6-4B5752D6EDBE}.Debug|x86.ActiveCfg = Debug|Any CPU
		{16F64B45-E781-4612-96F6-4B5752D6EDBE}.Debug|x86.Build.0 = Debug|Any CPU
		{16F64B45-E781-4612-96F6-4B5752D6EDBE}.Debug|x86.Deploy.0 = Debug|Any CPU
		{16F64B45-E781-4612-96F6-4B5752D6EDBE}.Release|Any CPU.ActiveCfg = Release|Any CPU
		{16F64B45-E781-4612-96F6-4B5752D6EDBE}.Release|Any CPU.Build.0 = Release|Any CPU
		{16F64B45-E781-4612-96F6-4B5752D6EDBE}.Release|Any CPU.Deploy.0 = Release|Any CPU
		{16F64B45-E781-4612-96F6-4B5752D6EDBE}.Release|ARM.ActiveCfg = Release|Any CPU
		{16F64B45-E781-4612-96F6-4B5752D6EDBE}.Release|ARM.Build.0 = Release|Any CPU
		{16F64B45-E781-4612-96F6-4B5752D6EDBE}.Release|ARM.Deploy.0 = Release|Any CPU
		{16F64B45-E781-4612-96F6-4B5752D6EDBE}.Release|iPhone.ActiveCfg = Release|Any CPU
		{16F64B45-E781-4612-96F6-4B5752D6EDBE}.Release|iPhone.Build.0 = Release|Any CPU
		{16F64B45-E781-4612-96F6-4B5752D6EDBE}.Release|iPhone.Deploy.0 = Release|Any CPU
		{16F64B45-E781-4612-96F6-4B5752D6EDBE}.Release|iPhoneSimulator.ActiveCfg = Release|Any CPU
		{16F64B45-E781-4612-96F6-4B5752D6EDBE}.Release|iPhoneSimulator.Build.0 = Release|Any CPU
		{16F64B45-E781-4612-96F6-4B5752D6EDBE}.Release|iPhoneSimulator.Deploy.0 = Release|Any CPU
		{16F64B45-E781-4612-96F6-4B5752D6EDBE}.Release|x64.ActiveCfg = Release|Any CPU
		{16F64B45-E781-4612-96F6-4B5752D6EDBE}.Release|x64.Build.0 = Release|Any CPU
		{16F64B45-E781-4612-96F6-4B5752D6EDBE}.Release|x64.Deploy.0 = Release|Any CPU
		{16F64B45-E781-4612-96F6-4B5752D6EDBE}.Release|x86.ActiveCfg = Release|Any CPU
		{16F64B45-E781-4612-96F6-4B5752D6EDBE}.Release|x86.Build.0 = Release|Any CPU
		{16F64B45-E781-4612-96F6-4B5752D6EDBE}.Release|x86.Deploy.0 = Release|Any CPU
	EndGlobalSection
	GlobalSection(SolutionProperties) = preSolution
		HideSolutionNode = FALSE
	EndGlobalSection
	GlobalSection(ExtensibilityGlobals) = postSolution
		SolutionGuid = {262E9222-1B49-4D10-B9AC-1A3162D54456}
	EndGlobalSection
EndGlobal
